// !$*UTF8*$!
{
	archiveVersion = 1;
	classes = {
	};
	objectVersion = 50;
	objects = {

/* Begin PBXBuildFile section */
		4A82A99525B046780097BF18 /* ObjcClassEnum.h in Headers */ = {isa = PBXBuildFile; fileRef = 4A82A99325B046780097BF18 /* ObjcClassEnum.h */; settings = {ATTRIBUTES = (Public, ); }; };
		4A82A9D225B04A790097BF18 /* classenum.c in Sources */ = {isa = PBXBuildFile; fileRef = AD7ECA78250C172600A30B17 /* classenum.c */; };
		4A82A9D625B04A7E0097BF18 /* classenum.h in Headers */ = {isa = PBXBuildFile; fileRef = AD7ECA77250C172600A30B17 /* classenum.h */; settings = {ATTRIBUTES = (Public, ); }; };
		4A82AB1825B07AA90097BF18 /* libobjc.A.tbd in Frameworks */ = {isa = PBXBuildFile; fileRef = 4A82AB1725B07AA90097BF18 /* libobjc.A.tbd */; };
		4A82AB2225B07ACF0097BF18 /* libobjc.A.tbd in Frameworks */ = {isa = PBXBuildFile; fileRef = 4A82AB1725B07AA90097BF18 /* libobjc.A.tbd */; };
		AD7ECA79250C172600A30B17 /* classenum.h in Headers */ = {isa = PBXBuildFile; fileRef = AD7ECA77250C172600A30B17 /* classenum.h */; settings = {ATTRIBUTES = (Public, ); }; };
		AD7ECA7A250C172600A30B17 /* classenum.c in Sources */ = {isa = PBXBuildFile; fileRef = AD7ECA78250C172600A30B17 /* classenum.c */; settings = {COMPILER_FLAGS = "-fvisibility=hidden"; }; };
/* End PBXBuildFile section */

/* Begin PBXFileReference section */
		4A82A99125B046780097BF18 /* ObjcClassEnum.framework */ = {isa = PBXFileReference; explicitFileType = wrapper.framework; includeInIndex = 0; path = ObjcClassEnum.framework; sourceTree = BUILT_PRODUCTS_DIR; };
		4A82A99325B046780097BF18 /* ObjcClassEnum.h */ = {isa = PBXFileReference; lastKnownFileType = sourcecode.c.h; path = ObjcClassEnum.h; sourceTree = "<group>"; };
		4A82A99425B046780097BF18 /* Info.plist */ = {isa = PBXFileReference; lastKnownFileType = text.plist.xml; path = Info.plist; sourceTree = "<group>"; };
		4A82AB1725B07AA90097BF18 /* libobjc.A.tbd */ = {isa = PBXFileReference; lastKnownFileType = "sourcecode.text-based-dylib-definition"; name = libobjc.A.tbd; path = usr/lib/libobjc.A.tbd; sourceTree = SDKROOT; };
		AD5064A2267223BE00ABA6D4 /* ObjcClassEnum.podspec */ = {isa = PBXFileReference; lastKnownFileType = text; path = ObjcClassEnum.podspec; sourceTree = "<group>"; };
		AD5064A3267223BE00ABA6D4 /* README.md */ = {isa = PBXFileReference; lastKnownFileType = net.daringfireball.markdown; path = README.md; sourceTree = "<group>"; };
		AD5064A4267223BE00ABA6D4 /* Package.swift */ = {isa = PBXFileReference; lastKnownFileType = sourcecode.swift; path = Package.swift; sourceTree = "<group>"; };
		AD7ECA70250C16CC00A30B17 /* libObjcClassEnum.dylib */ = {isa = PBXFileReference; explicitFileType = "compiled.mach-o.dylib"; includeInIndex = 0; path = libObjcClassEnum.dylib; sourceTree = BUILT_PRODUCTS_DIR; };
		AD7ECA77250C172600A30B17 /* classenum.h */ = {isa = PBXFileReference; lastKnownFileType = sourcecode.c.h; path = classenum.h; sourceTree = "<group>"; };
		AD7ECA78250C172600A30B17 /* classenum.c */ = {isa = PBXFileReference; lastKnownFileType = sourcecode.c.c; path = classenum.c; sourceTree = "<group>"; };
		ADE14A71250C1FD000061132 /* main.m */ = {isa = PBXFileReference; lastKnownFileType = sourcecode.c.objc; path = main.m; sourceTree = "<group>"; };
/* End PBXFileReference section */

/* Begin PBXFrameworksBuildPhase section */
		4A82A98E25B046780097BF18 /* Frameworks */ = {
			isa = PBXFrameworksBuildPhase;
			buildActionMask = 2147483647;
			files = (
				4A82AB1825B07AA90097BF18 /* libobjc.A.tbd in Frameworks */,
			);
			runOnlyForDeploymentPostprocessing = 0;
		};
		AD7ECA6E250C16CC00A30B17 /* Frameworks */ = {
			isa = PBXFrameworksBuildPhase;
			buildActionMask = 2147483647;
			files = (
				4A82AB2225B07ACF0097BF18 /* libobjc.A.tbd in Frameworks */,
			);
			runOnlyForDeploymentPostprocessing = 0;
		};
/* End PBXFrameworksBuildPhase section */

/* Begin PBXGroup section */
		4A82A99225B046780097BF18 /* Framework */ = {
			isa = PBXGroup;
			children = (
				4A82A99325B046780097BF18 /* ObjcClassEnum.h */,
				4A82A99425B046780097BF18 /* Info.plist */,
			);
			path = Framework;
			sourceTree = "<group>";
		};
		AD5064A5267223CB00ABA6D4 /* Packaging */ = {
			isa = PBXGroup;
			children = (
				AD5064A2267223BE00ABA6D4 /* ObjcClassEnum.podspec */,
				AD5064A4267223BE00ABA6D4 /* Package.swift */,
				AD5064A3267223BE00ABA6D4 /* README.md */,
			);
			name = Packaging;
			sourceTree = "<group>";
		};
		AD7ECA67250C16CC00A30B17 = {
			isa = PBXGroup;
			children = (
				AD7ECA7E250C179500A30B17 /* src */,
				AD7ECA7D250C177D00A30B17 /* include */,
				4A82A99225B046780097BF18 /* Framework */,
				ADE14A70250C1FD000061132 /* TestApp */,
				AD5064A5267223CB00ABA6D4 /* Packaging */,
				AD7ECA71250C16CC00A30B17 /* Products */,
				AD7ECA7F250C187700A30B17 /* Frameworks */,
			);
			sourceTree = "<group>";
		};
		AD7ECA71250C16CC00A30B17 /* Products */ = {
			isa = PBXGroup;
			children = (
				AD7ECA70250C16CC00A30B17 /* libObjcClassEnum.dylib */,
				4A82A99125B046780097BF18 /* ObjcClassEnum.framework */,
			);
			name = Products;
			sourceTree = "<group>";
		};
		AD7ECA7D250C177D00A30B17 /* include */ = {
			isa = PBXGroup;
			children = (
				AD7ECA77250C172600A30B17 /* classenum.h */,
			);
			path = include;
			sourceTree = "<group>";
		};
		AD7ECA7E250C179500A30B17 /* src */ = {
			isa = PBXGroup;
			children = (
				AD7ECA78250C172600A30B17 /* classenum.c */,
			);
			path = src;
			sourceTree = "<group>";
		};
		AD7ECA7F250C187700A30B17 /* Frameworks */ = {
			isa = PBXGroup;
			children = (
				4A82AB1725B07AA90097BF18 /* libobjc.A.tbd */,
			);
			name = Frameworks;
			sourceTree = "<group>";
		};
		ADE14A70250C1FD000061132 /* TestApp */ = {
			isa = PBXGroup;
			children = (
				ADE14A71250C1FD000061132 /* main.m */,
			);
			path = TestApp;
			sourceTree = "<group>";
		};
/* End PBXGroup section */

/* Begin PBXHeadersBuildPhase section */
		4A82A98C25B046780097BF18 /* Headers */ = {
			isa = PBXHeadersBuildPhase;
			buildActionMask = 2147483647;
			files = (
				4A82A9D625B04A7E0097BF18 /* classenum.h in Headers */,
				4A82A99525B046780097BF18 /* ObjcClassEnum.h in Headers */,
			);
			runOnlyForDeploymentPostprocessing = 0;
		};
		AD7ECA6C250C16CC00A30B17 /* Headers */ = {
			isa = PBXHeadersBuildPhase;
			buildActionMask = 2147483647;
			files = (
				AD7ECA79250C172600A30B17 /* classenum.h in Headers */,
			);
			runOnlyForDeploymentPostprocessing = 0;
		};
/* End PBXHeadersBuildPhase section */

/* Begin PBXNativeTarget section */
		4A82A99025B046780097BF18 /* ObjcClassEnum (fmwk) */ = {
			isa = PBXNativeTarget;
			buildConfigurationList = 4A82A99625B046780097BF18 /* Build configuration list for PBXNativeTarget "ObjcClassEnum (fmwk)" */;
			buildPhases = (
				4A82A98C25B046780097BF18 /* Headers */,
				4A82A98D25B046780097BF18 /* Sources */,
				4A82A98E25B046780097BF18 /* Frameworks */,
				4A82A98F25B046780097BF18 /* Resources */,
			);
			buildRules = (
			);
			dependencies = (
			);
			name = "ObjcClassEnum (fmwk)";
			productName = "ObjcClassEnum-Framework";
			productReference = 4A82A99125B046780097BF18 /* ObjcClassEnum.framework */;
			productType = "com.apple.product-type.framework";
		};
		AD7ECA6F250C16CC00A30B17 /* ObjcClassEnum (dylib) */ = {
			isa = PBXNativeTarget;
			buildConfigurationList = AD7ECA74250C16CC00A30B17 /* Build configuration list for PBXNativeTarget "ObjcClassEnum (dylib)" */;
			buildPhases = (
				AD7ECA6C250C16CC00A30B17 /* Headers */,
				AD7ECA6D250C16CC00A30B17 /* Sources */,
				AD7ECA6E250C16CC00A30B17 /* Frameworks */,
			);
			buildRules = (
			);
			dependencies = (
			);
			name = "ObjcClassEnum (dylib)";
			productName = ObjcClassEnum;
			productReference = AD7ECA70250C16CC00A30B17 /* libObjcClassEnum.dylib */;
			productType = "com.apple.product-type.library.dynamic";
		};
/* End PBXNativeTarget section */

/* Begin PBXProject section */
		AD7ECA68250C16CC00A30B17 /* Project object */ = {
			isa = PBXProject;
			attributes = {
				LastUpgradeCheck = 1200;
				ORGANIZATIONNAME = "Cătălin Stan";
				TargetAttributes = {
					4A82A99025B046780097BF18 = {
						CreatedOnToolsVersion = 12.2;
					};
					AD7ECA6F250C16CC00A30B17 = {
						CreatedOnToolsVersion = 11.5;
					};
				};
			};
			buildConfigurationList = AD7ECA6B250C16CC00A30B17 /* Build configuration list for PBXProject "ObjcClassEnum" */;
			compatibilityVersion = "Xcode 9.3";
			developmentRegion = en;
			hasScannedForEncodings = 0;
			knownRegions = (
				en,
				Base,
			);
			mainGroup = AD7ECA67250C16CC00A30B17;
			productRefGroup = AD7ECA71250C16CC00A30B17 /* Products */;
			projectDirPath = "";
			projectRoot = "";
			targets = (
				AD7ECA6F250C16CC00A30B17 /* ObjcClassEnum (dylib) */,
				4A82A99025B046780097BF18 /* ObjcClassEnum (fmwk) */,
			);
		};
/* End PBXProject section */

/* Begin PBXResourcesBuildPhase section */
		4A82A98F25B046780097BF18 /* Resources */ = {
			isa = PBXResourcesBuildPhase;
			buildActionMask = 2147483647;
			files = (
			);
			runOnlyForDeploymentPostprocessing = 0;
		};
/* End PBXResourcesBuildPhase section */

/* Begin PBXSourcesBuildPhase section */
		4A82A98D25B046780097BF18 /* Sources */ = {
			isa = PBXSourcesBuildPhase;
			buildActionMask = 2147483647;
			files = (
				4A82A9D225B04A790097BF18 /* classenum.c in Sources */,
			);
			runOnlyForDeploymentPostprocessing = 0;
		};
		AD7ECA6D250C16CC00A30B17 /* Sources */ = {
			isa = PBXSourcesBuildPhase;
			buildActionMask = 2147483647;
			files = (
				AD7ECA7A250C172600A30B17 /* classenum.c in Sources */,
			);
			runOnlyForDeploymentPostprocessing = 0;
		};
/* End PBXSourcesBuildPhase section */

/* Begin XCBuildConfiguration section */
		4A82A99725B046780097BF18 /* Debug */ = {
			isa = XCBuildConfiguration;
			buildSettings = {
				COMBINE_HIDPI_IMAGES = YES;
				CURRENT_PROJECT_VERSION = 3;
				DEFINES_MODULE = YES;
				DYLIB_COMPATIBILITY_VERSION = 1;
				DYLIB_CURRENT_VERSION = 1.0.3;
				INFOPLIST_FILE = Framework/Info.plist;
				PRODUCT_BUNDLE_IDENTIFIER = com.catalinstan.ObjcClassEnum;
				PRODUCT_NAME = ObjcClassEnum;
				SKIP_INSTALL = YES;
				VERSIONING_SYSTEM = "apple-generic";
				VERSION_INFO_PREFIX = "";
			};
			name = Debug;
		};
		4A82A99825B046780097BF18 /* Release */ = {
			isa = XCBuildConfiguration;
			buildSettings = {
				COMBINE_HIDPI_IMAGES = YES;
				CURRENT_PROJECT_VERSION = 3;
				DEFINES_MODULE = YES;
				DYLIB_COMPATIBILITY_VERSION = 1;
				DYLIB_CURRENT_VERSION = 1.0.3;
				INFOPLIST_FILE = Framework/Info.plist;
				PRODUCT_BUNDLE_IDENTIFIER = com.catalinstan.ObjcClassEnum;
				PRODUCT_NAME = ObjcClassEnum;
				SKIP_INSTALL = NO;
				VERSIONING_SYSTEM = "apple-generic";
				VERSION_INFO_PREFIX = "";
			};
			name = Release;
		};
		AD7ECA72250C16CC00A30B17 /* Debug */ = {
			isa = XCBuildConfiguration;
			buildSettings = {
				ALWAYS_SEARCH_USER_PATHS = NO;
				CLANG_ANALYZER_NONNULL = YES;
				CLANG_ANALYZER_NUMBER_OBJECT_CONVERSION = YES_AGGRESSIVE;
				CLANG_CXX_LANGUAGE_STANDARD = "gnu++14";
				CLANG_CXX_LIBRARY = "libc++";
				CLANG_ENABLE_MODULES = YES;
				CLANG_ENABLE_OBJC_ARC = YES;
				CLANG_ENABLE_OBJC_WEAK = YES;
				CLANG_WARN_BLOCK_CAPTURE_AUTORELEASING = YES;
				CLANG_WARN_BOOL_CONVERSION = YES;
				CLANG_WARN_COMMA = YES;
				CLANG_WARN_CONSTANT_CONVERSION = YES;
				CLANG_WARN_DEPRECATED_OBJC_IMPLEMENTATIONS = YES;
				CLANG_WARN_DIRECT_OBJC_ISA_USAGE = YES_ERROR;
				CLANG_WARN_DOCUMENTATION_COMMENTS = YES;
				CLANG_WARN_EMPTY_BODY = YES;
				CLANG_WARN_ENUM_CONVERSION = YES;
				CLANG_WARN_INFINITE_RECURSION = YES;
				CLANG_WARN_INT_CONVERSION = YES;
				CLANG_WARN_NON_LITERAL_NULL_CONVERSION = YES;
				CLANG_WARN_OBJC_IMPLICIT_RETAIN_SELF = YES;
				CLANG_WARN_OBJC_LITERAL_CONVERSION = YES;
				CLANG_WARN_OBJC_ROOT_CLASS = YES_ERROR;
				CLANG_WARN_QUOTED_INCLUDE_IN_FRAMEWORK_HEADER = YES;
				CLANG_WARN_RANGE_LOOP_ANALYSIS = YES;
				CLANG_WARN_STRICT_PROTOTYPES = YES;
				CLANG_WARN_SUSPICIOUS_MOVE = YES;
				CLANG_WARN_UNGUARDED_AVAILABILITY = YES_AGGRESSIVE;
				CLANG_WARN_UNREACHABLE_CODE = YES;
				CLANG_WARN__DUPLICATE_METHOD_MATCH = YES;
				COPY_PHASE_STRIP = NO;
				DEBUG_INFORMATION_FORMAT = dwarf;
				DEVELOPMENT_TEAM = H32HC7Z268;
				ENABLE_STRICT_OBJC_MSGSEND = YES;
				ENABLE_TESTABILITY = YES;
				GCC_C_LANGUAGE_STANDARD = gnu11;
				GCC_DYNAMIC_NO_PIC = NO;
				GCC_NO_COMMON_BLOCKS = YES;
				GCC_OPTIMIZATION_LEVEL = 0;
				GCC_PREPROCESSOR_DEFINITIONS = (
					"DEBUG=1",
					"$(inherited)",
				);
				GCC_WARN_64_TO_32_BIT_CONVERSION = YES;
				GCC_WARN_ABOUT_RETURN_TYPE = YES_ERROR;
				GCC_WARN_UNDECLARED_SELECTOR = YES;
				GCC_WARN_UNINITIALIZED_AUTOS = YES_AGGRESSIVE;
				GCC_WARN_UNUSED_FUNCTION = YES;
				GCC_WARN_UNUSED_VARIABLE = YES;
				IPHONEOS_DEPLOYMENT_TARGET = 9.0;
				MACOSX_DEPLOYMENT_TARGET = 10.11;
				MTL_ENABLE_DEBUG_INFO = INCLUDE_SOURCE;
				MTL_FAST_MATH = YES;
				ONLY_ACTIVE_ARCH = YES;
				SDKROOT = macosx;
				SUPPORTED_PLATFORMS = "macosx iphonesimulator iphoneos appletvsimulator appletvos watchsimulator watchos";
				TVOS_DEPLOYMENT_TARGET = 9.0;
				WATCHOS_DEPLOYMENT_TARGET = 2.0;
			};
			name = Debug;
		};
		AD7ECA73250C16CC00A30B17 /* Release */ = {
			isa = XCBuildConfiguration;
			buildSettings = {
				ALWAYS_SEARCH_USER_PATHS = NO;
				CLANG_ANALYZER_NONNULL = YES;
				CLANG_ANALYZER_NUMBER_OBJECT_CONVERSION = YES_AGGRESSIVE;
				CLANG_CXX_LANGUAGE_STANDARD = "gnu++14";
				CLANG_CXX_LIBRARY = "libc++";
				CLANG_ENABLE_MODULES = YES;
				CLANG_ENABLE_OBJC_ARC = YES;
				CLANG_ENABLE_OBJC_WEAK = YES;
				CLANG_WARN_BLOCK_CAPTURE_AUTORELEASING = YES;
				CLANG_WARN_BOOL_CONVERSION = YES;
				CLANG_WARN_COMMA = YES;
				CLANG_WARN_CONSTANT_CONVERSION = YES;
				CLANG_WARN_DEPRECATED_OBJC_IMPLEMENTATIONS = YES;
				CLANG_WARN_DIRECT_OBJC_ISA_USAGE = YES_ERROR;
				CLANG_WARN_DOCUMENTATION_COMMENTS = YES;
				CLANG_WARN_EMPTY_BODY = YES;
				CLANG_WARN_ENUM_CONVERSION = YES;
				CLANG_WARN_INFINITE_RECURSION = YES;
				CLANG_WARN_INT_CONVERSION = YES;
				CLANG_WARN_NON_LITERAL_NULL_CONVERSION = YES;
				CLANG_WARN_OBJC_IMPLICIT_RETAIN_SELF = YES;
				CLANG_WARN_OBJC_LITERAL_CONVERSION = YES;
				CLANG_WARN_OBJC_ROOT_CLASS = YES_ERROR;
				CLANG_WARN_QUOTED_INCLUDE_IN_FRAMEWORK_HEADER = YES;
				CLANG_WARN_RANGE_LOOP_ANALYSIS = YES;
				CLANG_WARN_STRICT_PROTOTYPES = YES;
				CLANG_WARN_SUSPICIOUS_MOVE = YES;
				CLANG_WARN_UNGUARDED_AVAILABILITY = YES_AGGRESSIVE;
				CLANG_WARN_UNREACHABLE_CODE = YES;
				CLANG_WARN__DUPLICATE_METHOD_MATCH = YES;
				COPY_PHASE_STRIP = NO;
				DEBUG_INFORMATION_FORMAT = "dwarf-with-dsym";
				DEVELOPMENT_TEAM = H32HC7Z268;
				ENABLE_NS_ASSERTIONS = NO;
				ENABLE_STRICT_OBJC_MSGSEND = YES;
				GCC_C_LANGUAGE_STANDARD = gnu11;
				GCC_NO_COMMON_BLOCKS = YES;
				GCC_WARN_64_TO_32_BIT_CONVERSION = YES;
				GCC_WARN_ABOUT_RETURN_TYPE = YES_ERROR;
				GCC_WARN_UNDECLARED_SELECTOR = YES;
				GCC_WARN_UNINITIALIZED_AUTOS = YES_AGGRESSIVE;
				GCC_WARN_UNUSED_FUNCTION = YES;
				GCC_WARN_UNUSED_VARIABLE = YES;
				IPHONEOS_DEPLOYMENT_TARGET = 9.0;
				MACOSX_DEPLOYMENT_TARGET = 10.11;
				MTL_ENABLE_DEBUG_INFO = NO;
				MTL_FAST_MATH = YES;
				SDKROOT = macosx;
				SUPPORTED_PLATFORMS = "macosx iphonesimulator iphoneos appletvsimulator appletvos watchsimulator watchos";
				TVOS_DEPLOYMENT_TARGET = 9.0;
				WATCHOS_DEPLOYMENT_TARGET = 2.0;
			};
			name = Release;
		};
		AD7ECA75250C16CC00A30B17 /* Debug */ = {
			isa = XCBuildConfiguration;
			buildSettings = {
				DYLIB_COMPATIBILITY_VERSION = 1;
				DYLIB_CURRENT_VERSION = 1.0.3;
				EXECUTABLE_PREFIX = lib;
				MODULE_VERSION = 1.0.3;
				PRODUCT_NAME = ObjcClassEnum;
				SKIP_INSTALL = YES;
			};
			name = Debug;
		};
		AD7ECA76250C16CC00A30B17 /* Release */ = {
			isa = XCBuildConfiguration;
			buildSettings = {
				DYLIB_COMPATIBILITY_VERSION = 1;
				DYLIB_CURRENT_VERSION = 1.0.3;
				EXECUTABLE_PREFIX = lib;
				MODULE_VERSION = 1.0.3;
				PRODUCT_NAME = ObjcClassEnum;
				SKIP_INSTALL = NO;
			};
			name = Release;
		};
/* End XCBuildConfiguration section */

/* Begin XCConfigurationList section */
		4A82A99625B046780097BF18 /* Build configuration list for PBXNativeTarget "ObjcClassEnum (fmwk)" */ = {
			isa = XCConfigurationList;
			buildConfigurations = (
				4A82A99725B046780097BF18 /* Debug */,
				4A82A99825B046780097BF18 /* Release */,
			);
			defaultConfigurationIsVisible = 0;
			defaultConfigurationName = Release;
		};
		AD7ECA6B250C16CC00A30B17 /* Build configuration list for PBXProject "ObjcClassEnum" */ = {
			isa = XCConfigurationList;
			buildConfigurations = (
				AD7ECA72250C16CC00A30B17 /* Debug */,
				AD7ECA73250C16CC00A30B17 /* Release */,
			);
			defaultConfigurationIsVisible = 0;
			defaultConfigurationName = Release;
		};
		AD7ECA74250C16CC00A30B17 /* Build configuration list for PBXNativeTarget "ObjcClassEnum (dylib)" */ = {
			isa = XCConfigurationList;
			buildConfigurations = (
				AD7ECA75250C16CC00A30B17 /* Debug */,
				AD7ECA76250C16CC00A30B17 /* Release */,
			);
			defaultConfigurationIsVisible = 0;
			defaultConfigurationName = Release;
		};
/* End XCConfigurationList section */
	};
	rootObject = AD7ECA68250C16CC00A30B17 /* Project object */;
}
